PODS:
  - AlecrimCoreData (4.2.1)
  - Bond (4.3.1)
  - BXProgressHUD (1.8.0):
    - PinAuto
  - IQKeyboardManagerSwift (4.0.5)
  - PinAuto (1.7)

DEPENDENCIES:
  - AlecrimCoreData (~> 4.1)
  - Bond (~> 4.3)
  - BXProgressHUD (~> 1.0)
  - IQKeyboardManagerSwift (~> 4.0)

SPEC CHECKSUMS:
  AlecrimCoreData: 4ed303b516446238663db44c129ebb7c5887b825
  Bond: 55903fc67f09e8e49791a657163cabba1d6fb29d
  BXProgressHUD: 4d0e29b7bd05c546ce803755c213addbb7423fdc
  IQKeyboardManagerSwift: 41fd3a45a2cdb2a0e031af697708a95b865068a1
  PinAuto: 648a843c526307c079c568667cd782b2aed1ee07

PODFILE CHECKSUM: 57d4d3d13abf6a8d3296298f663fd9a8d8c5ce6d

COCOAPODS: 1.0.1
